
Microsoft Visual Studio Solution File, Format Version 12.00
# Visual Studio Version 17
VisualStudioVersion = 17.0.31903.59
MinimumVisualStudioVersion = 10.0.40219.1
Project("{FAE04EC0-301F-11D3-BF4B-00C04F79EFBC}") = "Argus.Indexer", "Argus.Indexer\Argus.Indexer.csproj", "{0E3838F5-2693-4CB0-A1E3-03204AB48C39}"
EndProject
Project("{FAE04EC0-301F-11D3-BF4B-00C04F79EFBC}") = "WashTrade.Analyzer", "WashTrade.Analyzer\WashTrade.Analyzer.csproj", "{FA2D5909-4AA6-4688-99C7-DE59C2D1FAE9}"
EndProject
Project("{FAE04EC0-301F-11D3-BF4B-00C04F79EFBC}") = "WashTrade.UI", "WashTrade.UI\WashTrade.UI.csproj", "{C9D21694-A81E-481C-B59B-05AFE739F65F}"
EndProject
Project("{FAE04EC0-301F-11D3-BF4B-00C04F79EFBC}") = "WashTrade.Domain", "WashTrade.Domain\WashTrade.Domain.csproj", "{C1E7781B-0C06-4D52-8EF2-487E644FEA74}"
EndProject
Project("{FAE04EC0-301F-11D3-BF4B-00C04F79EFBC}") = "WashTrade.Tests", "WashTrade.Tests\WashTrade.Tests.csproj", "{4DE79D7C-965C-4965-BDBA-F3108F43F667}"
EndProject
Global
	GlobalSection(SolutionConfigurationPlatforms) = preSolution
		Debug|Any CPU = Debug|Any CPU
		Release|Any CPU = Release|Any CPU
	EndGlobalSection
	GlobalSection(SolutionProperties) = preSolution
		HideSolutionNode = FALSE
	EndGlobalSection
	GlobalSection(ProjectConfigurationPlatforms) = postSolution
		{0E3838F5-2693-4CB0-A1E3-03204AB48C39}.Debug|Any CPU.ActiveCfg = Debug|Any CPU
		{0E3838F5-2693-4CB0-A1E3-03204AB48C39}.Debug|Any CPU.Build.0 = Debug|Any CPU
		{0E3838F5-2693-4CB0-A1E3-03204AB48C39}.Release|Any CPU.ActiveCfg = Release|Any CPU
		{0E3838F5-2693-4CB0-A1E3-03204AB48C39}.Release|Any CPU.Build.0 = Release|Any CPU
		{FA2D5909-4AA6-4688-99C7-DE59C2D1FAE9}.Debug|Any CPU.ActiveCfg = Debug|Any CPU
		{FA2D5909-4AA6-4688-99C7-DE59C2D1FAE9}.Debug|Any CPU.Build.0 = Debug|Any CPU
		{FA2D5909-4AA6-4688-99C7-DE59C2D1FAE9}.Release|Any CPU.ActiveCfg = Release|Any CPU
		{FA2D5909-4AA6-4688-99C7-DE59C2D1FAE9}.Release|Any CPU.Build.0 = Release|Any CPU
		{C9D21694-A81E-481C-B59B-05AFE739F65F}.Debug|Any CPU.ActiveCfg = Debug|Any CPU
		{C9D21694-A81E-481C-B59B-05AFE739F65F}.Debug|Any CPU.Build.0 = Debug|Any CPU
		{C9D21694-A81E-481C-B59B-05AFE739F65F}.Release|Any CPU.ActiveCfg = Release|Any CPU
		{C9D21694-A81E-481C-B59B-05AFE739F65F}.Release|Any CPU.Build.0 = Release|Any CPU
		{C1E7781B-0C06-4D52-8EF2-487E644FEA74}.Debug|Any CPU.ActiveCfg = Debug|Any CPU
		{C1E7781B-0C06-4D52-8EF2-487E644FEA74}.Debug|Any CPU.Build.0 = Debug|Any CPU
		{C1E7781B-0C06-4D52-8EF2-487E644FEA74}.Release|Any CPU.ActiveCfg = Release|Any CPU
		{C1E7781B-0C06-4D52-8EF2-487E644FEA74}.Release|Any CPU.Build.0 = Release|Any CPU
		{4DE79D7C-965C-4965-BDBA-F3108F43F667}.Debug|Any CPU.ActiveCfg = Debug|Any CPU
		{4DE79D7C-965C-4965-BDBA-F3108F43F667}.Debug|Any CPU.Build.0 = Debug|Any CPU
		{4DE79D7C-965C-4965-BDBA-F3108F43F667}.Release|Any CPU.ActiveCfg = Release|Any CPU
		{4DE79D7C-965C-4965-BDBA-F3108F43F667}.Release|Any CPU.Build.0 = Release|Any CPU
	EndGlobalSection
EndGlobal
